
Microsoft Visual Studio Solution File, Format Version 12.00
# Visual Studio Version 17
VisualStudioVersion = 17.14.37111.16 d17.14
MinimumVisualStudioVersion = 10.0.40219.1
Project("{FAE04EC0-301F-11D3-BF4B-00C04F79EFBC}") = "LogAnalysis", "LogAnalysis.csproj", "{908E8F23-2D55-4813-A3F9-DF725E8F46E5}"
EndProject
Global
	GlobalSection(SolutionConfigurationPlatforms) = preSolution
		Debug|Any CPU = Debug|Any CPU
		Release|Any CPU = Release|Any CPU
	EndGlobalSection
	GlobalSection(ProjectConfigurationPlatforms) = postSolution
		{908E8F23-2D55-4813-A3F9-DF725E8F46E5}.Debug|Any CPU.ActiveCfg = Debug|Any CPU
		{908E8F23-2D55-4813-A3F9-DF725E8F46E5}.Debug|Any CPU.Build.0 = Debug|Any CPU
		{908E8F23-2D55-4813-A3F9-DF725E8F46E5}.Release|Any CPU.ActiveCfg = Release|Any CPU
		{908E8F23-2D55-4813-A3F9-DF725E8F46E5}.Release|Any CPU.Build.0 = Release|Any CPU
	EndGlobalSection
	GlobalSection(SolutionProperties) = preSolution
		HideSolutionNode = FALSE
	EndGlobalSection
	GlobalSection(ExtensibilityGlobals) = postSolution
		SolutionGuid = {E098A732-1FF9-4702-8047-41B534EB59D5}
	EndGlobalSection
EndGlobal
